
Microsoft Visual Studio Solution File, Format Version 12.00
# Visual Studio 15
VisualStudioVersion = 15.0.27428.2015
MinimumVisualStudioVersion = 10.0.40219.1
Project("{9A19103F-16F7-4668-BE54-9A1E7A4F7556}") = "MicroService.Payment.Controller", "MicroService.Payment.Controller\src\MicroService.Payment.Controller.csproj", "{4D17008E-E966-4DFF-946C-588729CF7AC3}"
EndProject
Project("{FAE04EC0-301F-11D3-BF4B-00C04F79EFBC}") = "MicroService.Payment.Service.Steam", "MicroService.Payment.Service.Steam\MicroService.Payment.Service.Steam.csproj", "{952FAFC8-3C3A-4873-80F6-C9963B9325B3}"
EndProject
Project("{FAE04EC0-301F-11D3-BF4B-00C04F79EFBC}") = "MicroService.Common.Core", "..\MicroService.Common\MicroService.Common.Core\MicroService.Common.Core.csproj", "{30BBAB4C-0D29-4BCA-991B-C7223195B441}"
EndProject
Global
	GlobalSection(SolutionConfigurationPlatforms) = preSolution
		Debug|Any CPU = Debug|Any CPU
		Release|Any CPU = Release|Any CPU
	EndGlobalSection
	GlobalSection(ProjectConfigurationPlatforms) = postSolution
		{4D17008E-E966-4DFF-946C-588729CF7AC3}.Debug|Any CPU.ActiveCfg = Debug|Any CPU
		{4D17008E-E966-4DFF-946C-588729CF7AC3}.Debug|Any CPU.Build.0 = Debug|Any CPU
		{4D17008E-E966-4DFF-946C-588729CF7AC3}.Release|Any CPU.ActiveCfg = Release|Any CPU
		{4D17008E-E966-4DFF-946C-588729CF7AC3}.Release|Any CPU.Build.0 = Release|Any CPU
		{952FAFC8-3C3A-4873-80F6-C9963B9325B3}.Debug|Any CPU.ActiveCfg = Debug|Any CPU
		{952FAFC8-3C3A-4873-80F6-C9963B9325B3}.Debug|Any CPU.Build.0 = Debug|Any CPU
		{952FAFC8-3C3A-4873-80F6-C9963B9325B3}.Release|Any CPU.ActiveCfg = Release|Any CPU
		{952FAFC8-3C3A-4873-80F6-C9963B9325B3}.Release|Any CPU.Build.0 = Release|Any CPU
		{30BBAB4C-0D29-4BCA-991B-C7223195B441}.Debug|Any CPU.ActiveCfg = Debug|Any CPU
		{30BBAB4C-0D29-4BCA-991B-C7223195B441}.Debug|Any CPU.Build.0 = Debug|Any CPU
		{30BBAB4C-0D29-4BCA-991B-C7223195B441}.Release|Any CPU.ActiveCfg = Release|Any CPU
		{30BBAB4C-0D29-4BCA-991B-C7223195B441}.Release|Any CPU.Build.0 = Release|Any CPU
	EndGlobalSection
	GlobalSection(SolutionProperties) = preSolution
		HideSolutionNode = FALSE
	EndGlobalSection
	GlobalSection(ExtensibilityGlobals) = postSolution
		SolutionGuid = {757E2F30-BBFF-4432-87E7-A0CE9F6367FC}
	EndGlobalSection
EndGlobal
